
Microsoft Visual Studio Solution File, Format Version 12.00
# Visual Studio 15
VisualStudioVersion = 15.0.26730.16
MinimumVisualStudioVersion = 10.0.40219.1
Project("{FAE04EC0-301F-11D3-BF4B-00C04F79EFBC}") = "lab05", "lab05\lab05.csproj", "{03229983-F1ED-44AD-BE6E-140DBFAA13F2}"
EndProject
Global
	GlobalSection(SolutionConfigurationPlatforms) = preSolution
		Debug|Any CPU = Debug|Any CPU
		Release|Any CPU = Release|Any CPU
	EndGlobalSection
	GlobalSection(ProjectConfigurationPlatforms) = postSolution
		{03229983-F1ED-44AD-BE6E-140DBFAA13F2}.Debug|Any CPU.ActiveCfg = Debug|Any CPU
		{03229983-F1ED-44AD-BE6E-140DBFAA13F2}.Debug|Any CPU.Build.0 = Debug|Any CPU
		{03229983-F1ED-44AD-BE6E-140DBFAA13F2}.Release|Any CPU.ActiveCfg = Release|Any CPU
		{03229983-F1ED-44AD-BE6E-140DBFAA13F2}.Release|Any CPU.Build.0 = Release|Any CPU
	EndGlobalSection
	GlobalSection(SolutionProperties) = preSolution
		HideSolutionNode = FALSE
	EndGlobalSection
	GlobalSection(ExtensibilityGlobals) = postSolution
		SolutionGuid = {635AA2BD-C061-4BF9-8A47-0B860DDF98A3}
	EndGlobalSection
EndGlobal
